
Microsoft Visual Studio Solution File, Format Version 11.00
# Visual Studio 2010
Project("{2150E333-8FDC-42A3-9474-1A3956D46DE8}") = "Subversion", "Subversion", "{96EFD415-F4FA-499D-99BD-5B28501D42E7}"
EndProject
Project("{FAE04EC0-301F-11D3-BF4B-00C04F79EFBC}") = "Tp.Subversion", "Plugins\Tp.Subversion\src\Tp.Subversion\Tp.Subversion.csproj", "{FBC9EDC9-DD35-4590-8D25-E4B978F57DF1}"
EndProject
Project("{FAE04EC0-301F-11D3-BF4B-00C04F79EFBC}") = "Tp.Subversion.Tests", "Plugins\Tp.Subversion\src\Tp.Subversion.Tests\Tp.Subversion.Tests.csproj", "{A20B33E6-F564-492D-B79A-13436EBAD357}"
EndProject
Project("{FAE04EC0-301F-11D3-BF4B-00C04F79EFBC}") = "Tp.Core", "Main\Tp.Core\Tp.Core.csproj", "{93BF8935-0436-4E51-AC35-0BA1D93B8133}"
EndProject
Project("{FAE04EC0-301F-11D3-BF4B-00C04F79EFBC}") = "Tp.Integration.Messages", "Main\Tp.Integration.Messages\Tp.Integration.Messages.csproj", "{EF010D25-B262-4051-B369-BD62F334A190}"
EndProject
Project("{FAE04EC0-301F-11D3-BF4B-00C04F79EFBC}") = "Tp.Integration.Plugin.Common", "Main\Tp.Integration.Plugin.Common\Tp.Integration.Plugin.Common.csproj", "{3692E1DB-2933-4F02-A5E6-BA303F1825B1}"
EndProject
Project("{FAE04EC0-301F-11D3-BF4B-00C04F79EFBC}") = "Tp.Integration.Plugin.UninstallUtil", "Plugins\Tp.Integration.Plugin.UninstallUtil\Tp.Integration.Plugin.UninstallUtil.csproj", "{FCAFF2C5-AFF5-454A-91D1-6E2F653F1BCB}"
EndProject
Project("{FAE04EC0-301F-11D3-BF4B-00C04F79EFBC}") = "Tp.Integration.Testing.Common", "Plugins\Tp.Integration.Testing.Common\Tp.Integration.Testing.Common.csproj", "{81C641A5-43FE-4870-9C50-4908CBB5775E}"
EndProject
Project("{2150E333-8FDC-42A3-9474-1A3956D46DE8}") = "Sdk", "Sdk", "{BE9253CB-8A9F-4718-9EC2-DCD7E578F5F1}"
EndProject
Project("{2150E333-8FDC-42A3-9474-1A3956D46DE8}") = "TaskCreator", "TaskCreator", "{19B831C5-A57D-49CC-8B6E-09FAF2A928F8}"
EndProject
Project("{FAE04EC0-301F-11D3-BF4B-00C04F79EFBC}") = "Tp.Integration.Plugin.TaskCreator", "Plugins\Tp.TaskCreator\Tp.TaskCreator\Tp.Integration.Plugin.TaskCreator.csproj", "{A56E812D-B7D4-43ED-8E66-3825E2792B26}"
EndProject
Project("{FAE04EC0-301F-11D3-BF4B-00C04F79EFBC}") = "Tp.Integration.Plugin.TaskCreator.Tests", "Plugins\Tp.TaskCreator\Tp.TaskCreator.Tests\Tp.Integration.Plugin.TaskCreator.Tests.csproj", "{6C5B576C-7C5E-4BE5-BAF3-77C755A934F2}"
EndProject
Project("{2150E333-8FDC-42A3-9474-1A3956D46DE8}") = "Bugzilla", "Bugzilla", "{0D8DD14D-C95C-4342-B73D-30672F97F141}"
EndProject
Project("{FAE04EC0-301F-11D3-BF4B-00C04F79EFBC}") = "Tp.Plugin.Core", "Main\Tp.Plugin.Core\Tp.Plugin.Core.csproj", "{BBFA5C9B-6C11-4B62-A9B1-E631462D333B}"
EndProject
Project("{2150E333-8FDC-42A3-9474-1A3956D46DE8}") = "TestRunImport", "TestRunImport", "{5D88624A-1EB9-4A3D-AEB8-76C6FFB38C91}"
EndProject
Project("{FAE04EC0-301F-11D3-BF4B-00C04F79EFBC}") = "Tp.TestRunImport", "Plugins\Tp.TestRunImport\Tp.TestRunImport\Tp.TestRunImport.csproj", "{4EB59583-F2D3-47C9-83E3-23EDDF818E94}"
EndProject
Project("{FAE04EC0-301F-11D3-BF4B-00C04F79EFBC}") = "Tp.TestRunImport.Tests", "Plugins\Tp.TestRunImport\Tp.TestRunImport.Tests\Tp.TestRunImport.Tests.csproj", "{74BC5925-B428-46AA-AC29-66855F6D1C3A}"
EndProject
Project("{2150E333-8FDC-42A3-9474-1A3956D46DE8}") = "PopEmailIntegration", "PopEmailIntegration", "{33417EC8-86DA-4356-9928-0F720A9D31F9}"
EndProject
Project("{FAE04EC0-301F-11D3-BF4B-00C04F79EFBC}") = "Tp.PopEmailIntegration", "Plugins\Tp.PopEmail\Tp.PopEmail\Tp.PopEmailIntegration.csproj", "{EC3D077F-495A-4C8B-934B-518C258076F4}"
EndProject
Project("{FAE04EC0-301F-11D3-BF4B-00C04F79EFBC}") = "Tp.PopEmailIntegration.LegacyProfileConversion", "Plugins\Tp.PopEmail\Tp.PopEmail.LegacyProfileConversion\Tp.PopEmailIntegration.LegacyProfileConversion.csproj", "{AA284962-5657-408F-9E2B-95946ED5C677}"
EndProject
Project("{FAE04EC0-301F-11D3-BF4B-00C04F79EFBC}") = "Tp.PopEmailIntegration.Tests", "Plugins\Tp.PopEmail\Tp.PopEmail.Tests\Tp.PopEmailIntegration.Tests.csproj", "{8CB83E20-A5C3-4311-9582-9A12B6D47964}"
EndProject
Project("{FAE04EC0-301F-11D3-BF4B-00C04F79EFBC}") = "Tp.Subversion.LegacyProfileConversion", "Plugins\Tp.Subversion\src\Tp.Subversion.LegacyProfileConversion\Tp.Subversion.LegacyProfileConversion.csproj", "{C990B8D9-09D1-4662-B934-6F653083051A}"
EndProject
Project("{FAE04EC0-301F-11D3-BF4B-00C04F79EFBC}") = "Tp.LegacyProfileConversion.Common", "Plugins\Tp.LegacyProfileConversion.Common\Tp.LegacyProfileConversion.Common.csproj", "{D08648F9-6293-492D-A2F4-3D240DB1D6BD}"
EndProject
Project("{FAE04EC0-301F-11D3-BF4B-00C04F79EFBC}") = "Tp.TestRunImport.LegacyProfileConversion", "Plugins\Tp.TestRunImport\Tp.TestRunImport.LegacyProfileConversion\Tp.TestRunImport.LegacyProfileConversion.csproj", "{CB373D97-3125-4F2E-A9DF-D3BAB4303C25}"
EndProject
Project("{FAE04EC0-301F-11D3-BF4B-00C04F79EFBC}") = "Tp.LegacyProfileConversion.Common.Testing", "Plugins\Tp.LegacyProfileConversion.Common.Testing\Tp.LegacyProfileConversion.Common.Testing.csproj", "{05A1F4C0-E8E5-4310-A655-20F98DFD2921}"
EndProject
Project("{FAE04EC0-301F-11D3-BF4B-00C04F79EFBC}") = "Tp.Bugzilla", "Plugins\Tp.Bugzilla\src\Tp.Bugzilla\Tp.Bugzilla.csproj", "{E4C871A8-5EDA-4023-81F4-A53E4FCB1588}"
EndProject
Project("{FAE04EC0-301F-11D3-BF4B-00C04F79EFBC}") = "Tp.Bugzilla.Tests", "Plugins\Tp.Bugzilla\src\Tp.Bugzilla.Tests\Tp.Bugzilla.Tests.csproj", "{5728CC5F-7FCC-4E20-9229-448B7463E70B}"
EndProject
Project("{2150E333-8FDC-42A3-9474-1A3956D46DE8}") = "MashupManager", "MashupManager", "{D8B6D21F-731B-48A9-83BC-18D62D7A0236}"
EndProject
Project("{FAE04EC0-301F-11D3-BF4B-00C04F79EFBC}") = "Tp.MashupManager.Tests", "Plugins\Tp.MashupManager\src\Tp.MashupManager.Tests\Tp.MashupManager.Tests.csproj", "{491D5C57-76A3-4C90-8447-81F1C12FC274}"
EndProject
Project("{FAE04EC0-301F-11D3-BF4B-00C04F79EFBC}") = "Tp.MashupManager", "Plugins\Tp.MashupManager\src\Tp.MashupManager\Tp.MashupManager.csproj", "{A8BEBA8D-1C63-4FEB-B7DC-45BCCECB2BB9}"
EndProject
Project("{2150E333-8FDC-42A3-9474-1A3956D46DE8}") = "SourceControl", "SourceControl", "{DD6DF04B-B234-4113-8DF3-855D49D10A58}"
EndProject
Project("{2150E333-8FDC-42A3-9474-1A3956D46DE8}") = "Git", "Git", "{1EBC2D9D-B954-447E-B391-98C1E6993F66}"
EndProject
Project("{FAE04EC0-301F-11D3-BF4B-00C04F79EFBC}") = "Tp.SourceControl", "Plugins\Tp.SourceControl\Tp.SourceControl.csproj", "{AC8B8885-D4F1-4EC9-A428-B90B2AC088C3}"
EndProject
Project("{FAE04EC0-301F-11D3-BF4B-00C04F79EFBC}") = "Tp.Git", "Plugins\Tp.Git\src\Tp.Git\Tp.Git.csproj", "{09477F1D-17C9-473D-B56A-14A46BFD1F03}"
EndProject
Project("{FAE04EC0-301F-11D3-BF4B-00C04F79EFBC}") = "Tp.Git.Tests", "Plugins\Tp.Git\src\Tp.Git.Tests\Tp.Git.Tests.csproj", "{A4871208-6EC1-4E2A-BAC8-40C04BD29C82}"
EndProject
Project("{FAE04EC0-301F-11D3-BF4B-00C04F79EFBC}") = "Tp.Integration.Plugin.Common.Tests", "Plugins\Tp.Integration.Plugin.Common.Tests\Tp.Integration.Plugin.Common.Tests.csproj", "{187F5B55-6AFD-4838-B107-F7E7AD641BBF}"
EndProject
Project("{FAE04EC0-301F-11D3-BF4B-00C04F79EFBC}") = "Tp.SourceControl.Testing", "Plugins\Tp.SourceControl.Testing\Tp.SourceControl.Testing.csproj", "{35D5084D-F8CD-49F1-A3A7-FB1F4A0F538E}"
EndProject
Project("{FAE04EC0-301F-11D3-BF4B-00C04F79EFBC}") = "Tp.BugTracking", "Plugins\Tp.BugTracking\Tp.BugTracking.csproj", "{A554F2D6-810C-4A67-B71D-D77FCDBBCF7B}"
EndProject
Project("{2150E333-8FDC-42A3-9474-1A3956D46DE8}") = "BugTracking", "BugTracking", "{16C85CEF-7847-40C6-8E60-A9EC7DF27DFF}"
EndProject
Global
	GlobalSection(SolutionConfigurationPlatforms) = preSolution
		Debug|Any CPU = Debug|Any CPU
		Debug|Mixed Platforms = Debug|Mixed Platforms
		Debug|x86 = Debug|x86
		FuncTests|Any CPU = FuncTests|Any CPU
		FuncTests|Mixed Platforms = FuncTests|Mixed Platforms
		FuncTests|x86 = FuncTests|x86
		Release|Any CPU = Release|Any CPU
		Release|Mixed Platforms = Release|Mixed Platforms
		Release|x86 = Release|x86
	EndGlobalSection
	GlobalSection(ProjectConfigurationPlatforms) = postSolution
		{FBC9EDC9-DD35-4590-8D25-E4B978F57DF1}.Debug|Any CPU.ActiveCfg = Debug|Any CPU
		{FBC9EDC9-DD35-4590-8D25-E4B978F57DF1}.Debug|Any CPU.Build.0 = Debug|Any CPU
		{FBC9EDC9-DD35-4590-8D25-E4B978F57DF1}.Debug|Mixed Platforms.ActiveCfg = Debug|Any CPU
		{FBC9EDC9-DD35-4590-8D25-E4B978F57DF1}.Debug|Mixed Platforms.Build.0 = Debug|Any CPU
		{FBC9EDC9-DD35-4590-8D25-E4B978F57DF1}.Debug|x86.ActiveCfg = Debug|Any CPU
		{FBC9EDC9-DD35-4590-8D25-E4B978F57DF1}.FuncTests|Any CPU.ActiveCfg = Release|Any CPU
		{FBC9EDC9-DD35-4590-8D25-E4B978F57DF1}.FuncTests|Any CPU.Build.0 = Release|Any CPU
		{FBC9EDC9-DD35-4590-8D25-E4B978F57DF1}.FuncTests|Mixed Platforms.ActiveCfg = Release|Any CPU
		{FBC9EDC9-DD35-4590-8D25-E4B978F57DF1}.FuncTests|Mixed Platforms.Build.0 = Release|Any CPU
		{FBC9EDC9-DD35-4590-8D25-E4B978F57DF1}.FuncTests|x86.ActiveCfg = Release|Any CPU
		{FBC9EDC9-DD35-4590-8D25-E4B978F57DF1}.Release|Any CPU.ActiveCfg = Release|Any CPU
		{FBC9EDC9-DD35-4590-8D25-E4B978F57DF1}.Release|Any CPU.Build.0 = Release|Any CPU
		{FBC9EDC9-DD35-4590-8D25-E4B978F57DF1}.Release|Mixed Platforms.ActiveCfg = Release|Any CPU
		{FBC9EDC9-DD35-4590-8D25-E4B978F57DF1}.Release|Mixed Platforms.Build.0 = Release|Any CPU
		{FBC9EDC9-DD35-4590-8D25-E4B978F57DF1}.Release|x86.ActiveCfg = Release|Any CPU
		{A20B33E6-F564-492D-B79A-13436EBAD357}.Debug|Any CPU.ActiveCfg = Debug|Any CPU
		{A20B33E6-F564-492D-B79A-13436EBAD357}.Debug|Any CPU.Build.0 = Debug|Any CPU
		{A20B33E6-F564-492D-B79A-13436EBAD357}.Debug|Mixed Platforms.ActiveCfg = Debug|Any CPU
		{A20B33E6-F564-492D-B79A-13436EBAD357}.Debug|Mixed Platforms.Build.0 = Debug|Any CPU
		{A20B33E6-F564-492D-B79A-13436EBAD357}.Debug|x86.ActiveCfg = Debug|Any CPU
		{A20B33E6-F564-492D-B79A-13436EBAD357}.FuncTests|Any CPU.ActiveCfg = Release|Any CPU
		{A20B33E6-F564-492D-B79A-13436EBAD357}.FuncTests|Any CPU.Build.0 = Release|Any CPU
		{A20B33E6-F564-492D-B79A-13436EBAD357}.FuncTests|Mixed Platforms.ActiveCfg = Release|Any CPU
		{A20B33E6-F564-492D-B79A-13436EBAD357}.FuncTests|Mixed Platforms.Build.0 = Release|Any CPU
		{A20B33E6-F564-492D-B79A-13436EBAD357}.FuncTests|x86.ActiveCfg = Release|Any CPU
		{A20B33E6-F564-492D-B79A-13436EBAD357}.Release|Any CPU.ActiveCfg = Release|Any CPU
		{A20B33E6-F564-492D-B79A-13436EBAD357}.Release|Any CPU.Build.0 = Release|Any CPU
		{A20B33E6-F564-492D-B79A-13436EBAD357}.Release|Mixed Platforms.ActiveCfg = Release|Any CPU
		{A20B33E6-F564-492D-B79A-13436EBAD357}.Release|Mixed Platforms.Build.0 = Release|Any CPU
		{A20B33E6-F564-492D-B79A-13436EBAD357}.Release|x86.ActiveCfg = Release|Any CPU
		{93BF8935-0436-4E51-AC35-0BA1D93B8133}.Debug|Any CPU.ActiveCfg = Debug|Any CPU
		{93BF8935-0436-4E51-AC35-0BA1D93B8133}.Debug|Any CPU.Build.0 = Debug|Any CPU
		{93BF8935-0436-4E51-AC35-0BA1D93B8133}.Debug|Mixed Platforms.ActiveCfg = Debug|Any CPU
		{93BF8935-0436-4E51-AC35-0BA1D93B8133}.Debug|Mixed Platforms.Build.0 = Debug|Any CPU
		{93BF8935-0436-4E51-AC35-0BA1D93B8133}.Debug|x86.ActiveCfg = Debug|Any CPU
		{93BF8935-0436-4E51-AC35-0BA1D93B8133}.FuncTests|Any CPU.ActiveCfg = FuncTests|Any CPU
		{93BF8935-0436-4E51-AC35-0BA1D93B8133}.FuncTests|Any CPU.Build.0 = FuncTests|Any CPU
		{93BF8935-0436-4E51-AC35-0BA1D93B8133}.FuncTests|Mixed Platforms.ActiveCfg = FuncTests|Any CPU
		{93BF8935-0436-4E51-AC35-0BA1D93B8133}.FuncTests|Mixed Platforms.Build.0 = FuncTests|Any CPU
		{93BF8935-0436-4E51-AC35-0BA1D93B8133}.FuncTests|x86.ActiveCfg = FuncTests|Any CPU
		{93BF8935-0436-4E51-AC35-0BA1D93B8133}.Release|Any CPU.ActiveCfg = Release|Any CPU
		{93BF8935-0436-4E51-AC35-0BA1D93B8133}.Release|Any CPU.Build.0 = Release|Any CPU
		{93BF8935-0436-4E51-AC35-0BA1D93B8133}.Release|Mixed Platforms.ActiveCfg = Release|Any CPU
		{93BF8935-0436-4E51-AC35-0BA1D93B8133}.Release|Mixed Platforms.Build.0 = Release|Any CPU
		{93BF8935-0436-4E51-AC35-0BA1D93B8133}.Release|x86.ActiveCfg = Release|Any CPU
		{EF010D25-B262-4051-B369-BD62F334A190}.Debug|Any CPU.ActiveCfg = Debug|Any CPU
		{EF010D25-B262-4051-B369-BD62F334A190}.Debug|Any CPU.Build.0 = Debug|Any CPU
		{EF010D25-B262-4051-B369-BD62F334A190}.Debug|Mixed Platforms.ActiveCfg = Debug|Any CPU
		{EF010D25-B262-4051-B369-BD62F334A190}.Debug|Mixed Platforms.Build.0 = Debug|Any CPU
		{EF010D25-B262-4051-B369-BD62F334A190}.Debug|x86.ActiveCfg = Debug|Any CPU
		{EF010D25-B262-4051-B369-BD62F334A190}.FuncTests|Any CPU.ActiveCfg = FuncTests|Any CPU
		{EF010D25-B262-4051-B369-BD62F334A190}.FuncTests|Any CPU.Build.0 = FuncTests|Any CPU
		{EF010D25-B262-4051-B369-BD62F334A190}.FuncTests|Mixed Platforms.ActiveCfg = FuncTests|Any CPU
		{EF010D25-B262-4051-B369-BD62F334A190}.FuncTests|Mixed Platforms.Build.0 = FuncTests|Any CPU
		{EF010D25-B262-4051-B369-BD62F334A190}.FuncTests|x86.ActiveCfg = FuncTests|Any CPU
		{EF010D25-B262-4051-B369-BD62F334A190}.Release|Any CPU.ActiveCfg = Release|Any CPU
		{EF010D25-B262-4051-B369-BD62F334A190}.Release|Any CPU.Build.0 = Release|Any CPU
		{EF010D25-B262-4051-B369-BD62F334A190}.Release|Mixed Platforms.ActiveCfg = Release|Any CPU
		{EF010D25-B262-4051-B369-BD62F334A190}.Release|Mixed Platforms.Build.0 = Release|Any CPU
		{EF010D25-B262-4051-B369-BD62F334A190}.Release|x86.ActiveCfg = Release|Any CPU
		{3692E1DB-2933-4F02-A5E6-BA303F1825B1}.Debug|Any CPU.ActiveCfg = Debug|Any CPU
		{3692E1DB-2933-4F02-A5E6-BA303F1825B1}.Debug|Any CPU.Build.0 = Debug|Any CPU
		{3692E1DB-2933-4F02-A5E6-BA303F1825B1}.Debug|Mixed Platforms.ActiveCfg = Debug|Any CPU
		{3692E1DB-2933-4F02-A5E6-BA303F1825B1}.Debug|Mixed Platforms.Build.0 = Debug|Any CPU
		{3692E1DB-2933-4F02-A5E6-BA303F1825B1}.Debug|x86.ActiveCfg = Debug|Any CPU
		{3692E1DB-2933-4F02-A5E6-BA303F1825B1}.FuncTests|Any CPU.ActiveCfg = FuncTests|Any CPU
		{3692E1DB-2933-4F02-A5E6-BA303F1825B1}.FuncTests|Any CPU.Build.0 = FuncTests|Any CPU
		{3692E1DB-2933-4F02-A5E6-BA303F1825B1}.FuncTests|Mixed Platforms.ActiveCfg = FuncTests|Any CPU
		{3692E1DB-2933-4F02-A5E6-BA303F1825B1}.FuncTests|Mixed Platforms.Build.0 = FuncTests|Any CPU
		{3692E1DB-2933-4F02-A5E6-BA303F1825B1}.FuncTests|x86.ActiveCfg = FuncTests|Any CPU
		{3692E1DB-2933-4F02-A5E6-BA303F1825B1}.Release|Any CPU.ActiveCfg = Release|Any CPU
		{3692E1DB-2933-4F02-A5E6-BA303F1825B1}.Release|Any CPU.Build.0 = Release|Any CPU
		{3692E1DB-2933-4F02-A5E6-BA303F1825B1}.Release|Mixed Platforms.ActiveCfg = Release|Any CPU
		{3692E1DB-2933-4F02-A5E6-BA303F1825B1}.Release|Mixed Platforms.Build.0 = Release|Any CPU
		{3692E1DB-2933-4F02-A5E6-BA303F1825B1}.Release|x86.ActiveCfg = Release|Any CPU
		{FCAFF2C5-AFF5-454A-91D1-6E2F653F1BCB}.Debug|Any CPU.ActiveCfg = Debug|Any CPU
		{FCAFF2C5-AFF5-454A-91D1-6E2F653F1BCB}.Debug|Any CPU.Build.0 = Debug|Any CPU
		{FCAFF2C5-AFF5-454A-91D1-6E2F653F1BCB}.Debug|Mixed Platforms.ActiveCfg = Debug|Any CPU
		{FCAFF2C5-AFF5-454A-91D1-6E2F653F1BCB}.Debug|Mixed Platforms.Build.0 = Debug|Any CPU
		{FCAFF2C5-AFF5-454A-91D1-6E2F653F1BCB}.Debug|x86.ActiveCfg = Debug|x86
		{FCAFF2C5-AFF5-454A-91D1-6E2F653F1BCB}.Debug|x86.Build.0 = Debug|x86
		{FCAFF2C5-AFF5-454A-91D1-6E2F653F1BCB}.FuncTests|Any CPU.ActiveCfg = FuncTests|Any CPU
		{FCAFF2C5-AFF5-454A-91D1-6E2F653F1BCB}.FuncTests|Any CPU.Build.0 = FuncTests|Any CPU
		{FCAFF2C5-AFF5-454A-91D1-6E2F653F1BCB}.FuncTests|Mixed Platforms.ActiveCfg = FuncTests|Any CPU
		{FCAFF2C5-AFF5-454A-91D1-6E2F653F1BCB}.FuncTests|Mixed Platforms.Build.0 = FuncTests|Any CPU
		{FCAFF2C5-AFF5-454A-91D1-6E2F653F1BCB}.FuncTests|x86.ActiveCfg = FuncTests|x86
		{FCAFF2C5-AFF5-454A-91D1-6E2F653F1BCB}.FuncTests|x86.Build.0 = FuncTests|x86
		{FCAFF2C5-AFF5-454A-91D1-6E2F653F1BCB}.Release|Any CPU.ActiveCfg = Release|Any CPU
		{FCAFF2C5-AFF5-454A-91D1-6E2F653F1BCB}.Release|Any CPU.Build.0 = Release|Any CPU
		{FCAFF2C5-AFF5-454A-91D1-6E2F653F1BCB}.Release|Mixed Platforms.ActiveCfg = Release|Any CPU
		{FCAFF2C5-AFF5-454A-91D1-6E2F653F1BCB}.Release|Mixed Platforms.Build.0 = Release|Any CPU
		{FCAFF2C5-AFF5-454A-91D1-6E2F653F1BCB}.Release|x86.ActiveCfg = Release|x86
		{FCAFF2C5-AFF5-454A-91D1-6E2F653F1BCB}.Release|x86.Build.0 = Release|x86
		{81C641A5-43FE-4870-9C50-4908CBB5775E}.Debug|Any CPU.ActiveCfg = Debug|Any CPU
		{81C641A5-43FE-4870-9C50-4908CBB5775E}.Debug|Any CPU.Build.0 = Debug|Any CPU
		{81C641A5-43FE-4870-9C50-4908CBB5775E}.Debug|Mixed Platforms.ActiveCfg = Debug|Any CPU
		{81C641A5-43FE-4870-9C50-4908CBB5775E}.Debug|Mixed Platforms.Build.0 = Debug|Any CPU
		{81C641A5-43FE-4870-9C50-4908CBB5775E}.Debug|x86.ActiveCfg = Debug|Any CPU
		{81C641A5-43FE-4870-9C50-4908CBB5775E}.FuncTests|Any CPU.ActiveCfg = Release|Any CPU
		{81C641A5-43FE-4870-9C50-4908CBB5775E}.FuncTests|Any CPU.Build.0 = Release|Any CPU
		{81C641A5-43FE-4870-9C50-4908CBB5775E}.FuncTests|Mixed Platforms.ActiveCfg = Release|Any CPU
		{81C641A5-43FE-4870-9C50-4908CBB5775E}.FuncTests|Mixed Platforms.Build.0 = Release|Any CPU
		{81C641A5-43FE-4870-9C50-4908CBB5775E}.FuncTests|x86.ActiveCfg = Release|Any CPU
		{81C641A5-43FE-4870-9C50-4908CBB5775E}.Release|Any CPU.ActiveCfg = Release|Any CPU
		{81C641A5-43FE-4870-9C50-4908CBB5775E}.Release|Any CPU.Build.0 = Release|Any CPU
		{81C641A5-43FE-4870-9C50-4908CBB5775E}.Release|Mixed Platforms.ActiveCfg = Release|Any CPU
		{81C641A5-43FE-4870-9C50-4908CBB5775E}.Release|Mixed Platforms.Build.0 = Release|Any CPU
		{81C641A5-43FE-4870-9C50-4908CBB5775E}.Release|x86.ActiveCfg = Release|Any CPU
		{A56E812D-B7D4-43ED-8E66-3825E2792B26}.Debug|Any CPU.ActiveCfg = Debug|Any CPU
		{A56E812D-B7D4-43ED-8E66-3825E2792B26}.Debug|Any CPU.Build.0 = Debug|Any CPU
		{A56E812D-B7D4-43ED-8E66-3825E2792B26}.Debug|Mixed Platforms.ActiveCfg = Debug|Any CPU
		{A56E812D-B7D4-43ED-8E66-3825E2792B26}.Debug|Mixed Platforms.Build.0 = Debug|Any CPU
		{A56E812D-B7D4-43ED-8E66-3825E2792B26}.Debug|x86.ActiveCfg = Debug|Any CPU
		{A56E812D-B7D4-43ED-8E66-3825E2792B26}.FuncTests|Any CPU.ActiveCfg = FuncTests|Any CPU
		{A56E812D-B7D4-43ED-8E66-3825E2792B26}.FuncTests|Any CPU.Build.0 = FuncTests|Any CPU
		{A56E812D-B7D4-43ED-8E66-3825E2792B26}.FuncTests|Mixed Platforms.ActiveCfg = FuncTests|Any CPU
		{A56E812D-B7D4-43ED-8E66-3825E2792B26}.FuncTests|Mixed Platforms.Build.0 = FuncTests|Any CPU
		{A56E812D-B7D4-43ED-8E66-3825E2792B26}.FuncTests|x86.ActiveCfg = FuncTests|Any CPU
		{A56E812D-B7D4-43ED-8E66-3825E2792B26}.Release|Any CPU.ActiveCfg = Release|Any CPU
		{A56E812D-B7D4-43ED-8E66-3825E2792B26}.Release|Any CPU.Build.0 = Release|Any CPU
		{A56E812D-B7D4-43ED-8E66-3825E2792B26}.Release|Mixed Platforms.ActiveCfg = Release|Any CPU
		{A56E812D-B7D4-43ED-8E66-3825E2792B26}.Release|Mixed Platforms.Build.0 = Release|Any CPU
		{A56E812D-B7D4-43ED-8E66-3825E2792B26}.Release|x86.ActiveCfg = Release|Any CPU
		{6C5B576C-7C5E-4BE5-BAF3-77C755A934F2}.Debug|Any CPU.ActiveCfg = Debug|Any CPU
		{6C5B576C-7C5E-4BE5-BAF3-77C755A934F2}.Debug|Any CPU.Build.0 = Debug|Any CPU
		{6C5B576C-7C5E-4BE5-BAF3-77C755A934F2}.Debug|Mixed Platforms.ActiveCfg = Debug|Any CPU
		{6C5B576C-7C5E-4BE5-BAF3-77C755A934F2}.Debug|Mixed Platforms.Build.0 = Debug|Any CPU
		{6C5B576C-7C5E-4BE5-BAF3-77C755A934F2}.Debug|x86.ActiveCfg = Debug|Any CPU
		{6C5B576C-7C5E-4BE5-BAF3-77C755A934F2}.FuncTests|Any CPU.ActiveCfg = Release|Any CPU
		{6C5B576C-7C5E-4BE5-BAF3-77C755A934F2}.FuncTests|Any CPU.Build.0 = Release|Any CPU
		{6C5B576C-7C5E-4BE5-BAF3-77C755A934F2}.FuncTests|Mixed Platforms.ActiveCfg = Release|Any CPU
		{6C5B576C-7C5E-4BE5-BAF3-77C755A934F2}.FuncTests|Mixed Platforms.Build.0 = Release|Any CPU
		{6C5B576C-7C5E-4BE5-BAF3-77C755A934F2}.FuncTests|x86.ActiveCfg = Release|Any CPU
		{6C5B576C-7C5E-4BE5-BAF3-77C755A934F2}.Release|Any CPU.ActiveCfg = Release|Any CPU
		{6C5B576C-7C5E-4BE5-BAF3-77C755A934F2}.Release|Any CPU.Build.0 = Release|Any CPU
		{6C5B576C-7C5E-4BE5-BAF3-77C755A934F2}.Release|Mixed Platforms.ActiveCfg = Release|Any CPU
		{6C5B576C-7C5E-4BE5-BAF3-77C755A934F2}.Release|Mixed Platforms.Build.0 = Release|Any CPU
		{6C5B576C-7C5E-4BE5-BAF3-77C755A934F2}.Release|x86.ActiveCfg = Release|Any CPU
		{BBFA5C9B-6C11-4B62-A9B1-E631462D333B}.Debug|Any CPU.ActiveCfg = Debug|Any CPU
		{BBFA5C9B-6C11-4B62-A9B1-E631462D333B}.Debug|Any CPU.Build.0 = Debug|Any CPU
		{BBFA5C9B-6C11-4B62-A9B1-E631462D333B}.Debug|Mixed Platforms.ActiveCfg = Debug|Any CPU
		{BBFA5C9B-6C11-4B62-A9B1-E631462D333B}.Debug|Mixed Platforms.Build.0 = Debug|Any CPU
		{BBFA5C9B-6C11-4B62-A9B1-E631462D333B}.Debug|x86.ActiveCfg = Debug|Any CPU
		{BBFA5C9B-6C11-4B62-A9B1-E631462D333B}.FuncTests|Any CPU.ActiveCfg = Release|Any CPU
		{BBFA5C9B-6C11-4B62-A9B1-E631462D333B}.FuncTests|Any CPU.Build.0 = Release|Any CPU
		{BBFA5C9B-6C11-4B62-A9B1-E631462D333B}.FuncTests|Mixed Platforms.ActiveCfg = Release|Any CPU
		{BBFA5C9B-6C11-4B62-A9B1-E631462D333B}.FuncTests|Mixed Platforms.Build.0 = Release|Any CPU
		{BBFA5C9B-6C11-4B62-A9B1-E631462D333B}.FuncTests|x86.ActiveCfg = Release|Any CPU
		{BBFA5C9B-6C11-4B62-A9B1-E631462D333B}.Release|Any CPU.ActiveCfg = Release|Any CPU
		{BBFA5C9B-6C11-4B62-A9B1-E631462D333B}.Release|Any CPU.Build.0 = Release|Any CPU
		{BBFA5C9B-6C11-4B62-A9B1-E631462D333B}.Release|Mixed Platforms.ActiveCfg = Release|Any CPU
		{BBFA5C9B-6C11-4B62-A9B1-E631462D333B}.Release|Mixed Platforms.Build.0 = Release|Any CPU
		{BBFA5C9B-6C11-4B62-A9B1-E631462D333B}.Release|x86.ActiveCfg = Release|Any CPU
		{4EB59583-F2D3-47C9-83E3-23EDDF818E94}.Debug|Any CPU.ActiveCfg = Debug|Any CPU
		{4EB59583-F2D3-47C9-83E3-23EDDF818E94}.Debug|Any CPU.Build.0 = Debug|Any CPU
		{4EB59583-F2D3-47C9-83E3-23EDDF818E94}.Debug|Mixed Platforms.ActiveCfg = Debug|Any CPU
		{4EB59583-F2D3-47C9-83E3-23EDDF818E94}.Debug|Mixed Platforms.Build.0 = Debug|Any CPU
		{4EB59583-F2D3-47C9-83E3-23EDDF818E94}.Debug|x86.ActiveCfg = Debug|Any CPU
		{4EB59583-F2D3-47C9-83E3-23EDDF818E94}.FuncTests|Any CPU.ActiveCfg = Release|Any CPU
		{4EB59583-F2D3-47C9-83E3-23EDDF818E94}.FuncTests|Any CPU.Build.0 = Release|Any CPU
		{4EB59583-F2D3-47C9-83E3-23EDDF818E94}.FuncTests|Mixed Platforms.ActiveCfg = Release|Any CPU
		{4EB59583-F2D3-47C9-83E3-23EDDF818E94}.FuncTests|Mixed Platforms.Build.0 = Release|Any CPU
		{4EB59583-F2D3-47C9-83E3-23EDDF818E94}.FuncTests|x86.ActiveCfg = Release|Any CPU
		{4EB59583-F2D3-47C9-83E3-23EDDF818E94}.Release|Any CPU.ActiveCfg = Release|Any CPU
		{4EB59583-F2D3-47C9-83E3-23EDDF818E94}.Release|Any CPU.Build.0 = Release|Any CPU
		{4EB59583-F2D3-47C9-83E3-23EDDF818E94}.Release|Mixed Platforms.ActiveCfg = Release|Any CPU
		{4EB59583-F2D3-47C9-83E3-23EDDF818E94}.Release|Mixed Platforms.Build.0 = Release|Any CPU
		{4EB59583-F2D3-47C9-83E3-23EDDF818E94}.Release|x86.ActiveCfg = Release|Any CPU
		{74BC5925-B428-46AA-AC29-66855F6D1C3A}.Debug|Any CPU.ActiveCfg = Debug|Any CPU
		{74BC5925-B428-46AA-AC29-66855F6D1C3A}.Debug|Any CPU.Build.0 = Debug|Any CPU
		{74BC5925-B428-46AA-AC29-66855F6D1C3A}.Debug|Mixed Platforms.ActiveCfg = Debug|Any CPU
		{74BC5925-B428-46AA-AC29-66855F6D1C3A}.Debug|Mixed Platforms.Build.0 = Debug|Any CPU
		{74BC5925-B428-46AA-AC29-66855F6D1C3A}.Debug|x86.ActiveCfg = Debug|Any CPU
		{74BC5925-B428-46AA-AC29-66855F6D1C3A}.FuncTests|Any CPU.ActiveCfg = Release|Any CPU
		{74BC5925-B428-46AA-AC29-66855F6D1C3A}.FuncTests|Any CPU.Build.0 = Release|Any CPU
		{74BC5925-B428-46AA-AC29-66855F6D1C3A}.FuncTests|Mixed Platforms.ActiveCfg = Release|Any CPU
		{74BC5925-B428-46AA-AC29-66855F6D1C3A}.FuncTests|Mixed Platforms.Build.0 = Release|Any CPU
		{74BC5925-B428-46AA-AC29-66855F6D1C3A}.FuncTests|x86.ActiveCfg = Release|Any CPU
		{74BC5925-B428-46AA-AC29-66855F6D1C3A}.Release|Any CPU.ActiveCfg = Release|Any CPU
		{74BC5925-B428-46AA-AC29-66855F6D1C3A}.Release|Any CPU.Build.0 = Release|Any CPU
		{74BC5925-B428-46AA-AC29-66855F6D1C3A}.Release|Mixed Platforms.ActiveCfg = Release|Any CPU
		{74BC5925-B428-46AA-AC29-66855F6D1C3A}.Release|Mixed Platforms.Build.0 = Release|Any CPU
		{74BC5925-B428-46AA-AC29-66855F6D1C3A}.Release|x86.ActiveCfg = Release|Any CPU
		{EC3D077F-495A-4C8B-934B-518C258076F4}.Debug|Any CPU.ActiveCfg = Debug|Any CPU
		{EC3D077F-495A-4C8B-934B-518C258076F4}.Debug|Any CPU.Build.0 = Debug|Any CPU
		{EC3D077F-495A-4C8B-934B-518C258076F4}.Debug|Mixed Platforms.ActiveCfg = Debug|Any CPU
		{EC3D077F-495A-4C8B-934B-518C258076F4}.Debug|Mixed Platforms.Build.0 = Debug|Any CPU
		{EC3D077F-495A-4C8B-934B-518C258076F4}.Debug|x86.ActiveCfg = Debug|Any CPU
		{EC3D077F-495A-4C8B-934B-518C258076F4}.FuncTests|Any CPU.ActiveCfg = FuncTests|Any CPU
		{EC3D077F-495A-4C8B-934B-518C258076F4}.FuncTests|Any CPU.Build.0 = FuncTests|Any CPU
		{EC3D077F-495A-4C8B-934B-518C258076F4}.FuncTests|Mixed Platforms.ActiveCfg = FuncTests|Any CPU
		{EC3D077F-495A-4C8B-934B-518C258076F4}.FuncTests|Mixed Platforms.Build.0 = FuncTests|Any CPU
		{EC3D077F-495A-4C8B-934B-518C258076F4}.FuncTests|x86.ActiveCfg = FuncTests|Any CPU
		{EC3D077F-495A-4C8B-934B-518C258076F4}.Release|Any CPU.ActiveCfg = Release|Any CPU
		{EC3D077F-495A-4C8B-934B-518C258076F4}.Release|Any CPU.Build.0 = Release|Any CPU
		{EC3D077F-495A-4C8B-934B-518C258076F4}.Release|Mixed Platforms.ActiveCfg = Release|Any CPU
		{EC3D077F-495A-4C8B-934B-518C258076F4}.Release|Mixed Platforms.Build.0 = Release|Any CPU
		{EC3D077F-495A-4C8B-934B-518C258076F4}.Release|x86.ActiveCfg = Release|Any CPU
		{AA284962-5657-408F-9E2B-95946ED5C677}.Debug|Any CPU.ActiveCfg = Debug|Any CPU
		{AA284962-5657-408F-9E2B-95946ED5C677}.Debug|Any CPU.Build.0 = Debug|Any CPU
		{AA284962-5657-408F-9E2B-95946ED5C677}.Debug|Mixed Platforms.ActiveCfg = Debug|Any CPU
		{AA284962-5657-408F-9E2B-95946ED5C677}.Debug|Mixed Platforms.Build.0 = Debug|Any CPU
		{AA284962-5657-408F-9E2B-95946ED5C677}.Debug|x86.ActiveCfg = Debug|x86
		{AA284962-5657-408F-9E2B-95946ED5C677}.Debug|x86.Build.0 = Debug|x86
		{AA284962-5657-408F-9E2B-95946ED5C677}.FuncTests|Any CPU.ActiveCfg = FuncTests|Any CPU
		{AA284962-5657-408F-9E2B-95946ED5C677}.FuncTests|Any CPU.Build.0 = FuncTests|Any CPU
		{AA284962-5657-408F-9E2B-95946ED5C677}.FuncTests|Mixed Platforms.ActiveCfg = FuncTests|Any CPU
		{AA284962-5657-408F-9E2B-95946ED5C677}.FuncTests|Mixed Platforms.Build.0 = FuncTests|Any CPU
		{AA284962-5657-408F-9E2B-95946ED5C677}.FuncTests|x86.ActiveCfg = FuncTests|x86
		{AA284962-5657-408F-9E2B-95946ED5C677}.FuncTests|x86.Build.0 = FuncTests|x86
		{AA284962-5657-408F-9E2B-95946ED5C677}.Release|Any CPU.ActiveCfg = Release|Any CPU
		{AA284962-5657-408F-9E2B-95946ED5C677}.Release|Any CPU.Build.0 = Release|Any CPU
		{AA284962-5657-408F-9E2B-95946ED5C677}.Release|Mixed Platforms.ActiveCfg = Release|Any CPU
		{AA284962-5657-408F-9E2B-95946ED5C677}.Release|Mixed Platforms.Build.0 = Release|Any CPU
		{AA284962-5657-408F-9E2B-95946ED5C677}.Release|x86.ActiveCfg = Release|x86
		{AA284962-5657-408F-9E2B-95946ED5C677}.Release|x86.Build.0 = Release|x86
		{8CB83E20-A5C3-4311-9582-9A12B6D47964}.Debug|Any CPU.ActiveCfg = Debug|Any CPU
		{8CB83E20-A5C3-4311-9582-9A12B6D47964}.Debug|Any CPU.Build.0 = Debug|Any CPU
		{8CB83E20-A5C3-4311-9582-9A12B6D47964}.Debug|Mixed Platforms.ActiveCfg = Debug|Any CPU
		{8CB83E20-A5C3-4311-9582-9A12B6D47964}.Debug|Mixed Platforms.Build.0 = Debug|Any CPU
		{8CB83E20-A5C3-4311-9582-9A12B6D47964}.Debug|x86.ActiveCfg = Debug|Any CPU
		{8CB83E20-A5C3-4311-9582-9A12B6D47964}.FuncTests|Any CPU.ActiveCfg = FuncTests|Any CPU
		{8CB83E20-A5C3-4311-9582-9A12B6D47964}.FuncTests|Any CPU.Build.0 = FuncTests|Any CPU
		{8CB83E20-A5C3-4311-9582-9A12B6D47964}.FuncTests|Mixed Platforms.ActiveCfg = FuncTests|Any CPU
		{8CB83E20-A5C3-4311-9582-9A12B6D47964}.FuncTests|Mixed Platforms.Build.0 = FuncTests|Any CPU
		{8CB83E20-A5C3-4311-9582-9A12B6D47964}.FuncTests|x86.ActiveCfg = FuncTests|Any CPU
		{8CB83E20-A5C3-4311-9582-9A12B6D47964}.Release|Any CPU.ActiveCfg = Release|Any CPU
		{8CB83E20-A5C3-4311-9582-9A12B6D47964}.Release|Any CPU.Build.0 = Release|Any CPU
		{8CB83E20-A5C3-4311-9582-9A12B6D47964}.Release|Mixed Platforms.ActiveCfg = Release|Any CPU
		{8CB83E20-A5C3-4311-9582-9A12B6D47964}.Release|Mixed Platforms.Build.0 = Release|Any CPU
		{8CB83E20-A5C3-4311-9582-9A12B6D47964}.Release|x86.ActiveCfg = Release|Any CPU
		{C990B8D9-09D1-4662-B934-6F653083051A}.Debug|Any CPU.ActiveCfg = Debug|Any CPU
		{C990B8D9-09D1-4662-B934-6F653083051A}.Debug|Any CPU.Build.0 = Debug|Any CPU
		{C990B8D9-09D1-4662-B934-6F653083051A}.Debug|Mixed Platforms.ActiveCfg = Debug|Any CPU
		{C990B8D9-09D1-4662-B934-6F653083051A}.Debug|Mixed Platforms.Build.0 = Debug|Any CPU
		{C990B8D9-09D1-4662-B934-6F653083051A}.Debug|x86.ActiveCfg = Debug|Any CPU
		{C990B8D9-09D1-4662-B934-6F653083051A}.FuncTests|Any CPU.ActiveCfg = Release|Any CPU
		{C990B8D9-09D1-4662-B934-6F653083051A}.FuncTests|Any CPU.Build.0 = Release|Any CPU
		{C990B8D9-09D1-4662-B934-6F653083051A}.FuncTests|Mixed Platforms.ActiveCfg = Release|Any CPU
		{C990B8D9-09D1-4662-B934-6F653083051A}.FuncTests|Mixed Platforms.Build.0 = Release|Any CPU
		{C990B8D9-09D1-4662-B934-6F653083051A}.FuncTests|x86.ActiveCfg = Release|Any CPU
		{C990B8D9-09D1-4662-B934-6F653083051A}.Release|Any CPU.ActiveCfg = Release|Any CPU
		{C990B8D9-09D1-4662-B934-6F653083051A}.Release|Any CPU.Build.0 = Release|Any CPU
		{C990B8D9-09D1-4662-B934-6F653083051A}.Release|Mixed Platforms.ActiveCfg = Release|Any CPU
		{C990B8D9-09D1-4662-B934-6F653083051A}.Release|Mixed Platforms.Build.0 = Release|Any CPU
		{C990B8D9-09D1-4662-B934-6F653083051A}.Release|x86.ActiveCfg = Release|Any CPU
		{D08648F9-6293-492D-A2F4-3D240DB1D6BD}.Debug|Any CPU.ActiveCfg = Debug|Any CPU
		{D08648F9-6293-492D-A2F4-3D240DB1D6BD}.Debug|Any CPU.Build.0 = Debug|Any CPU
		{D08648F9-6293-492D-A2F4-3D240DB1D6BD}.Debug|Mixed Platforms.ActiveCfg = Debug|Any CPU
		{D08648F9-6293-492D-A2F4-3D240DB1D6BD}.Debug|Mixed Platforms.Build.0 = Debug|Any CPU
		{D08648F9-6293-492D-A2F4-3D240DB1D6BD}.Debug|x86.ActiveCfg = Debug|Any CPU
		{D08648F9-6293-492D-A2F4-3D240DB1D6BD}.FuncTests|Any CPU.ActiveCfg = Release|Any CPU
		{D08648F9-6293-492D-A2F4-3D240DB1D6BD}.FuncTests|Any CPU.Build.0 = Release|Any CPU
		{D08648F9-6293-492D-A2F4-3D240DB1D6BD}.FuncTests|Mixed Platforms.ActiveCfg = Release|Any CPU
		{D08648F9-6293-492D-A2F4-3D240DB1D6BD}.FuncTests|Mixed Platforms.Build.0 = Release|Any CPU
		{D08648F9-6293-492D-A2F4-3D240DB1D6BD}.FuncTests|x86.ActiveCfg = Release|Any CPU
		{D08648F9-6293-492D-A2F4-3D240DB1D6BD}.Release|Any CPU.ActiveCfg = Release|Any CPU
		{D08648F9-6293-492D-A2F4-3D240DB1D6BD}.Release|Any CPU.Build.0 = Release|Any CPU
		{D08648F9-6293-492D-A2F4-3D240DB1D6BD}.Release|Mixed Platforms.ActiveCfg = Release|Any CPU
		{D08648F9-6293-492D-A2F4-3D240DB1D6BD}.Release|Mixed Platforms.Build.0 = Release|Any CPU
		{D08648F9-6293-492D-A2F4-3D240DB1D6BD}.Release|x86.ActiveCfg = Release|Any CPU
		{CB373D97-3125-4F2E-A9DF-D3BAB4303C25}.Debug|Any CPU.ActiveCfg = Debug|Any CPU
		{CB373D97-3125-4F2E-A9DF-D3BAB4303C25}.Debug|Any CPU.Build.0 = Debug|Any CPU
		{CB373D97-3125-4F2E-A9DF-D3BAB4303C25}.Debug|Mixed Platforms.ActiveCfg = Debug|Any CPU
		{CB373D97-3125-4F2E-A9DF-D3BAB4303C25}.Debug|Mixed Platforms.Build.0 = Debug|Any CPU
		{CB373D97-3125-4F2E-A9DF-D3BAB4303C25}.Debug|x86.ActiveCfg = Debug|x86
		{CB373D97-3125-4F2E-A9DF-D3BAB4303C25}.Debug|x86.Build.0 = Debug|x86
		{CB373D97-3125-4F2E-A9DF-D3BAB4303C25}.FuncTests|Any CPU.ActiveCfg = Release|Any CPU
		{CB373D97-3125-4F2E-A9DF-D3BAB4303C25}.FuncTests|Any CPU.Build.0 = Release|Any CPU
		{CB373D97-3125-4F2E-A9DF-D3BAB4303C25}.FuncTests|Mixed Platforms.ActiveCfg = Release|Any CPU
		{CB373D97-3125-4F2E-A9DF-D3BAB4303C25}.FuncTests|Mixed Platforms.Build.0 = Release|Any CPU
		{CB373D97-3125-4F2E-A9DF-D3BAB4303C25}.FuncTests|x86.ActiveCfg = Release|Any CPU
		{CB373D97-3125-4F2E-A9DF-D3BAB4303C25}.Release|Any CPU.ActiveCfg = Release|Any CPU
		{CB373D97-3125-4F2E-A9DF-D3BAB4303C25}.Release|Any CPU.Build.0 = Release|Any CPU
		{CB373D97-3125-4F2E-A9DF-D3BAB4303C25}.Release|Mixed Platforms.ActiveCfg = Release|Any CPU
		{CB373D97-3125-4F2E-A9DF-D3BAB4303C25}.Release|Mixed Platforms.Build.0 = Release|Any CPU
		{CB373D97-3125-4F2E-A9DF-D3BAB4303C25}.Release|x86.ActiveCfg = Release|Any CPU
		{05A1F4C0-E8E5-4310-A655-20F98DFD2921}.Debug|Any CPU.ActiveCfg = Debug|Any CPU
		{05A1F4C0-E8E5-4310-A655-20F98DFD2921}.Debug|Any CPU.Build.0 = Debug|Any CPU
		{05A1F4C0-E8E5-4310-A655-20F98DFD2921}.Debug|Mixed Platforms.ActiveCfg = Debug|Any CPU
		{05A1F4C0-E8E5-4310-A655-20F98DFD2921}.Debug|Mixed Platforms.Build.0 = Debug|Any CPU
		{05A1F4C0-E8E5-4310-A655-20F98DFD2921}.Debug|x86.ActiveCfg = Debug|Any CPU
		{05A1F4C0-E8E5-4310-A655-20F98DFD2921}.FuncTests|Any CPU.ActiveCfg = Release|Any CPU
		{05A1F4C0-E8E5-4310-A655-20F98DFD2921}.FuncTests|Any CPU.Build.0 = Release|Any CPU
		{05A1F4C0-E8E5-4310-A655-20F98DFD2921}.FuncTests|Mixed Platforms.ActiveCfg = Release|Any CPU
		{05A1F4C0-E8E5-4310-A655-20F98DFD2921}.FuncTests|Mixed Platforms.Build.0 = Release|Any CPU
		{05A1F4C0-E8E5-4310-A655-20F98DFD2921}.FuncTests|x86.ActiveCfg = Release|Any CPU
		{05A1F4C0-E8E5-4310-A655-20F98DFD2921}.Release|Any CPU.ActiveCfg = Release|Any CPU
		{05A1F4C0-E8E5-4310-A655-20F98DFD2921}.Release|Any CPU.Build.0 = Release|Any CPU
		{05A1F4C0-E8E5-4310-A655-20F98DFD2921}.Release|Mixed Platforms.ActiveCfg = Release|Any CPU
		{05A1F4C0-E8E5-4310-A655-20F98DFD2921}.Release|Mixed Platforms.Build.0 = Release|Any CPU
		{05A1F4C0-E8E5-4310-A655-20F98DFD2921}.Release|x86.ActiveCfg = Release|Any CPU
		{E4C871A8-5EDA-4023-81F4-A53E4FCB1588}.Debug|Any CPU.ActiveCfg = Debug|Any CPU
		{E4C871A8-5EDA-4023-81F4-A53E4FCB1588}.Debug|Any CPU.Build.0 = Debug|Any CPU
		{E4C871A8-5EDA-4023-81F4-A53E4FCB1588}.Debug|Mixed Platforms.ActiveCfg = Debug|Any CPU
		{E4C871A8-5EDA-4023-81F4-A53E4FCB1588}.Debug|Mixed Platforms.Build.0 = Debug|Any CPU
		{E4C871A8-5EDA-4023-81F4-A53E4FCB1588}.Debug|x86.ActiveCfg = Debug|Any CPU
		{E4C871A8-5EDA-4023-81F4-A53E4FCB1588}.FuncTests|Any CPU.ActiveCfg = Release|Any CPU
		{E4C871A8-5EDA-4023-81F4-A53E4FCB1588}.FuncTests|Any CPU.Build.0 = Release|Any CPU
		{E4C871A8-5EDA-4023-81F4-A53E4FCB1588}.FuncTests|Mixed Platforms.ActiveCfg = Release|Any CPU
		{E4C871A8-5EDA-4023-81F4-A53E4FCB1588}.FuncTests|Mixed Platforms.Build.0 = Release|Any CPU
		{E4C871A8-5EDA-4023-81F4-A53E4FCB1588}.FuncTests|x86.ActiveCfg = Release|Any CPU
		{E4C871A8-5EDA-4023-81F4-A53E4FCB1588}.Release|Any CPU.ActiveCfg = Release|Any CPU
		{E4C871A8-5EDA-4023-81F4-A53E4FCB1588}.Release|Any CPU.Build.0 = Release|Any CPU
		{E4C871A8-5EDA-4023-81F4-A53E4FCB1588}.Release|Mixed Platforms.ActiveCfg = Release|Any CPU
		{E4C871A8-5EDA-4023-81F4-A53E4FCB1588}.Release|Mixed Platforms.Build.0 = Release|Any CPU
		{E4C871A8-5EDA-4023-81F4-A53E4FCB1588}.Release|x86.ActiveCfg = Release|Any CPU
		{5728CC5F-7FCC-4E20-9229-448B7463E70B}.Debug|Any CPU.ActiveCfg = Debug|Any CPU
		{5728CC5F-7FCC-4E20-9229-448B7463E70B}.Debug|Any CPU.Build.0 = Debug|Any CPU
		{5728CC5F-7FCC-4E20-9229-448B7463E70B}.Debug|Mixed Platforms.ActiveCfg = Debug|Any CPU
		{5728CC5F-7FCC-4E20-9229-448B7463E70B}.Debug|Mixed Platforms.Build.0 = Debug|Any CPU
		{5728CC5F-7FCC-4E20-9229-448B7463E70B}.Debug|x86.ActiveCfg = Debug|Any CPU
		{5728CC5F-7FCC-4E20-9229-448B7463E70B}.FuncTests|Any CPU.ActiveCfg = Release|Any CPU
		{5728CC5F-7FCC-4E20-9229-448B7463E70B}.FuncTests|Any CPU.Build.0 = Release|Any CPU
		{5728CC5F-7FCC-4E20-9229-448B7463E70B}.FuncTests|Mixed Platforms.ActiveCfg = Release|Any CPU
		{5728CC5F-7FCC-4E20-9229-448B7463E70B}.FuncTests|Mixed Platforms.Build.0 = Release|Any CPU
		{5728CC5F-7FCC-4E20-9229-448B7463E70B}.FuncTests|x86.ActiveCfg = Release|Any CPU
		{5728CC5F-7FCC-4E20-9229-448B7463E70B}.Release|Any CPU.ActiveCfg = Release|Any CPU
		{5728CC5F-7FCC-4E20-9229-448B7463E70B}.Release|Any CPU.Build.0 = Release|Any CPU
		{5728CC5F-7FCC-4E20-9229-448B7463E70B}.Release|Mixed Platforms.ActiveCfg = Release|Any CPU
		{5728CC5F-7FCC-4E20-9229-448B7463E70B}.Release|Mixed Platforms.Build.0 = Release|Any CPU
		{5728CC5F-7FCC-4E20-9229-448B7463E70B}.Release|x86.ActiveCfg = Release|Any CPU
		{491D5C57-76A3-4C90-8447-81F1C12FC274}.Debug|Any CPU.ActiveCfg = Debug|Any CPU
		{491D5C57-76A3-4C90-8447-81F1C12FC274}.Debug|Any CPU.Build.0 = Debug|Any CPU
		{491D5C57-76A3-4C90-8447-81F1C12FC274}.Debug|Mixed Platforms.ActiveCfg = Debug|Any CPU
		{491D5C57-76A3-4C90-8447-81F1C12FC274}.Debug|Mixed Platforms.Build.0 = Debug|Any CPU
		{491D5C57-76A3-4C90-8447-81F1C12FC274}.Debug|x86.ActiveCfg = Debug|Any CPU
		{491D5C57-76A3-4C90-8447-81F1C12FC274}.FuncTests|Any CPU.ActiveCfg = Release|Any CPU
		{491D5C57-76A3-4C90-8447-81F1C12FC274}.FuncTests|Any CPU.Build.0 = Release|Any CPU
		{491D5C57-76A3-4C90-8447-81F1C12FC274}.FuncTests|Mixed Platforms.ActiveCfg = Release|Any CPU
		{491D5C57-76A3-4C90-8447-81F1C12FC274}.FuncTests|Mixed Platforms.Build.0 = Release|Any CPU
		{491D5C57-76A3-4C90-8447-81F1C12FC274}.FuncTests|x86.ActiveCfg = Release|Any CPU
		{491D5C57-76A3-4C90-8447-81F1C12FC274}.Release|Any CPU.ActiveCfg = Release|Any CPU
		{491D5C57-76A3-4C90-8447-81F1C12FC274}.Release|Any CPU.Build.0 = Release|Any CPU
		{491D5C57-76A3-4C90-8447-81F1C12FC274}.Release|Mixed Platforms.ActiveCfg = Release|Any CPU
		{491D5C57-76A3-4C90-8447-81F1C12FC274}.Release|Mixed Platforms.Build.0 = Release|Any CPU
		{491D5C57-76A3-4C90-8447-81F1C12FC274}.Release|x86.ActiveCfg = Release|Any CPU
		{A8BEBA8D-1C63-4FEB-B7DC-45BCCECB2BB9}.Debug|Any CPU.ActiveCfg = Debug|Any CPU
		{A8BEBA8D-1C63-4FEB-B7DC-45BCCECB2BB9}.Debug|Any CPU.Build.0 = Debug|Any CPU
		{A8BEBA8D-1C63-4FEB-B7DC-45BCCECB2BB9}.Debug|Mixed Platforms.ActiveCfg = Debug|Any CPU
		{A8BEBA8D-1C63-4FEB-B7DC-45BCCECB2BB9}.Debug|Mixed Platforms.Build.0 = Debug|Any CPU
		{A8BEBA8D-1C63-4FEB-B7DC-45BCCECB2BB9}.Debug|x86.ActiveCfg = Debug|Any CPU
		{A8BEBA8D-1C63-4FEB-B7DC-45BCCECB2BB9}.FuncTests|Any CPU.ActiveCfg = Release|Any CPU
		{A8BEBA8D-1C63-4FEB-B7DC-45BCCECB2BB9}.FuncTests|Any CPU.Build.0 = Release|Any CPU
		{A8BEBA8D-1C63-4FEB-B7DC-45BCCECB2BB9}.FuncTests|Mixed Platforms.ActiveCfg = Release|Any CPU
		{A8BEBA8D-1C63-4FEB-B7DC-45BCCECB2BB9}.FuncTests|Mixed Platforms.Build.0 = Release|Any CPU
		{A8BEBA8D-1C63-4FEB-B7DC-45BCCECB2BB9}.FuncTests|x86.ActiveCfg = Release|Any CPU
		{A8BEBA8D-1C63-4FEB-B7DC-45BCCECB2BB9}.Release|Any CPU.ActiveCfg = Release|Any CPU
		{A8BEBA8D-1C63-4FEB-B7DC-45BCCECB2BB9}.Release|Any CPU.Build.0 = Release|Any CPU
		{A8BEBA8D-1C63-4FEB-B7DC-45BCCECB2BB9}.Release|Mixed Platforms.ActiveCfg = Release|Any CPU
		{A8BEBA8D-1C63-4FEB-B7DC-45BCCECB2BB9}.Release|Mixed Platforms.Build.0 = Release|Any CPU
		{A8BEBA8D-1C63-4FEB-B7DC-45BCCECB2BB9}.Release|x86.ActiveCfg = Release|Any CPU
		{AC8B8885-D4F1-4EC9-A428-B90B2AC088C3}.Debug|Any CPU.ActiveCfg = Debug|Any CPU
		{AC8B8885-D4F1-4EC9-A428-B90B2AC088C3}.Debug|Any CPU.Build.0 = Debug|Any CPU
		{AC8B8885-D4F1-4EC9-A428-B90B2AC088C3}.Debug|Mixed Platforms.ActiveCfg = Debug|Any CPU
		{AC8B8885-D4F1-4EC9-A428-B90B2AC088C3}.Debug|Mixed Platforms.Build.0 = Debug|Any CPU
		{AC8B8885-D4F1-4EC9-A428-B90B2AC088C3}.Debug|x86.ActiveCfg = Debug|Any CPU
		{AC8B8885-D4F1-4EC9-A428-B90B2AC088C3}.FuncTests|Any CPU.ActiveCfg = Release|Any CPU
		{AC8B8885-D4F1-4EC9-A428-B90B2AC088C3}.FuncTests|Any CPU.Build.0 = Release|Any CPU
		{AC8B8885-D4F1-4EC9-A428-B90B2AC088C3}.FuncTests|Mixed Platforms.ActiveCfg = Release|Any CPU
		{AC8B8885-D4F1-4EC9-A428-B90B2AC088C3}.FuncTests|Mixed Platforms.Build.0 = Release|Any CPU
		{AC8B8885-D4F1-4EC9-A428-B90B2AC088C3}.FuncTests|x86.ActiveCfg = Release|Any CPU
		{AC8B8885-D4F1-4EC9-A428-B90B2AC088C3}.Release|Any CPU.ActiveCfg = Release|Any CPU
		{AC8B8885-D4F1-4EC9-A428-B90B2AC088C3}.Release|Any CPU.Build.0 = Release|Any CPU
		{AC8B8885-D4F1-4EC9-A428-B90B2AC088C3}.Release|Mixed Platforms.ActiveCfg = Release|Any CPU
		{AC8B8885-D4F1-4EC9-A428-B90B2AC088C3}.Release|Mixed Platforms.Build.0 = Release|Any CPU
		{AC8B8885-D4F1-4EC9-A428-B90B2AC088C3}.Release|x86.ActiveCfg = Release|Any CPU
		{09477F1D-17C9-473D-B56A-14A46BFD1F03}.Debug|Any CPU.ActiveCfg = Debug|Any CPU
		{09477F1D-17C9-473D-B56A-14A46BFD1F03}.Debug|Any CPU.Build.0 = Debug|Any CPU
		{09477F1D-17C9-473D-B56A-14A46BFD1F03}.Debug|Mixed Platforms.ActiveCfg = Debug|Any CPU
		{09477F1D-17C9-473D-B56A-14A46BFD1F03}.Debug|Mixed Platforms.Build.0 = Debug|Any CPU
		{09477F1D-17C9-473D-B56A-14A46BFD1F03}.Debug|x86.ActiveCfg = Debug|Any CPU
		{09477F1D-17C9-473D-B56A-14A46BFD1F03}.FuncTests|Any CPU.ActiveCfg = Release|Any CPU
		{09477F1D-17C9-473D-B56A-14A46BFD1F03}.FuncTests|Any CPU.Build.0 = Release|Any CPU
		{09477F1D-17C9-473D-B56A-14A46BFD1F03}.FuncTests|Mixed Platforms.ActiveCfg = Release|Any CPU
		{09477F1D-17C9-473D-B56A-14A46BFD1F03}.FuncTests|Mixed Platforms.Build.0 = Release|Any CPU
		{09477F1D-17C9-473D-B56A-14A46BFD1F03}.FuncTests|x86.ActiveCfg = Release|Any CPU
		{09477F1D-17C9-473D-B56A-14A46BFD1F03}.Release|Any CPU.ActiveCfg = Release|Any CPU
		{09477F1D-17C9-473D-B56A-14A46BFD1F03}.Release|Any CPU.Build.0 = Release|Any CPU
		{09477F1D-17C9-473D-B56A-14A46BFD1F03}.Release|Mixed Platforms.ActiveCfg = Release|Any CPU
		{09477F1D-17C9-473D-B56A-14A46BFD1F03}.Release|Mixed Platforms.Build.0 = Release|Any CPU
		{09477F1D-17C9-473D-B56A-14A46BFD1F03}.Release|x86.ActiveCfg = Release|Any CPU
		{A4871208-6EC1-4E2A-BAC8-40C04BD29C82}.Debug|Any CPU.ActiveCfg = Debug|Any CPU
		{A4871208-6EC1-4E2A-BAC8-40C04BD29C82}.Debug|Any CPU.Build.0 = Debug|Any CPU
		{A4871208-6EC1-4E2A-BAC8-40C04BD29C82}.Debug|Mixed Platforms.ActiveCfg = Debug|Any CPU
		{A4871208-6EC1-4E2A-BAC8-40C04BD29C82}.Debug|Mixed Platforms.Build.0 = Debug|Any CPU
		{A4871208-6EC1-4E2A-BAC8-40C04BD29C82}.Debug|x86.ActiveCfg = Debug|Any CPU
		{A4871208-6EC1-4E2A-BAC8-40C04BD29C82}.FuncTests|Any CPU.ActiveCfg = Release|Any CPU
		{A4871208-6EC1-4E2A-BAC8-40C04BD29C82}.FuncTests|Any CPU.Build.0 = Release|Any CPU
		{A4871208-6EC1-4E2A-BAC8-40C04BD29C82}.FuncTests|Mixed Platforms.ActiveCfg = Release|Any CPU
		{A4871208-6EC1-4E2A-BAC8-40C04BD29C82}.FuncTests|Mixed Platforms.Build.0 = Release|Any CPU
		{A4871208-6EC1-4E2A-BAC8-40C04BD29C82}.FuncTests|x86.ActiveCfg = Release|Any CPU
		{A4871208-6EC1-4E2A-BAC8-40C04BD29C82}.Release|Any CPU.ActiveCfg = Release|Any CPU
		{A4871208-6EC1-4E2A-BAC8-40C04BD29C82}.Release|Any CPU.Build.0 = Release|Any CPU
		{A4871208-6EC1-4E2A-BAC8-40C04BD29C82}.Release|Mixed Platforms.ActiveCfg = Release|Any CPU
		{A4871208-6EC1-4E2A-BAC8-40C04BD29C82}.Release|Mixed Platforms.Build.0 = Release|Any CPU
		{A4871208-6EC1-4E2A-BAC8-40C04BD29C82}.Release|x86.ActiveCfg = Release|Any CPU
		{187F5B55-6AFD-4838-B107-F7E7AD641BBF}.Debug|Any CPU.ActiveCfg = Debug|Any CPU
		{187F5B55-6AFD-4838-B107-F7E7AD641BBF}.Debug|Any CPU.Build.0 = Debug|Any CPU
		{187F5B55-6AFD-4838-B107-F7E7AD641BBF}.Debug|Mixed Platforms.ActiveCfg = Debug|Any CPU
		{187F5B55-6AFD-4838-B107-F7E7AD641BBF}.Debug|Mixed Platforms.Build.0 = Debug|Any CPU
		{187F5B55-6AFD-4838-B107-F7E7AD641BBF}.Debug|x86.ActiveCfg = Debug|Any CPU
		{187F5B55-6AFD-4838-B107-F7E7AD641BBF}.FuncTests|Any CPU.ActiveCfg = Release|Any CPU
		{187F5B55-6AFD-4838-B107-F7E7AD641BBF}.FuncTests|Any CPU.Build.0 = Release|Any CPU
		{187F5B55-6AFD-4838-B107-F7E7AD641BBF}.FuncTests|Mixed Platforms.ActiveCfg = Release|Any CPU
		{187F5B55-6AFD-4838-B107-F7E7AD641BBF}.FuncTests|Mixed Platforms.Build.0 = Release|Any CPU
		{187F5B55-6AFD-4838-B107-F7E7AD641BBF}.FuncTests|x86.ActiveCfg = Release|Any CPU
		{187F5B55-6AFD-4838-B107-F7E7AD641BBF}.Release|Any CPU.ActiveCfg = Release|Any CPU
		{187F5B55-6AFD-4838-B107-F7E7AD641BBF}.Release|Any CPU.Build.0 = Release|Any CPU
		{187F5B55-6AFD-4838-B107-F7E7AD641BBF}.Release|Mixed Platforms.ActiveCfg = Release|Any CPU
		{187F5B55-6AFD-4838-B107-F7E7AD641BBF}.Release|Mixed Platforms.Build.0 = Release|Any CPU
		{187F5B55-6AFD-4838-B107-F7E7AD641BBF}.Release|x86.ActiveCfg = Release|Any CPU
		{35D5084D-F8CD-49F1-A3A7-FB1F4A0F538E}.Debug|Any CPU.ActiveCfg = Debug|Any CPU
		{35D5084D-F8CD-49F1-A3A7-FB1F4A0F538E}.Debug|Any CPU.Build.0 = Debug|Any CPU
		{35D5084D-F8CD-49F1-A3A7-FB1F4A0F538E}.Debug|Mixed Platforms.ActiveCfg = Debug|Any CPU
		{35D5084D-F8CD-49F1-A3A7-FB1F4A0F538E}.Debug|Mixed Platforms.Build.0 = Debug|Any CPU
		{35D5084D-F8CD-49F1-A3A7-FB1F4A0F538E}.Debug|x86.ActiveCfg = Debug|Any CPU
		{35D5084D-F8CD-49F1-A3A7-FB1F4A0F538E}.FuncTests|Any CPU.ActiveCfg = Release|Any CPU
		{35D5084D-F8CD-49F1-A3A7-FB1F4A0F538E}.FuncTests|Any CPU.Build.0 = Release|Any CPU
		{35D5084D-F8CD-49F1-A3A7-FB1F4A0F538E}.FuncTests|Mixed Platforms.ActiveCfg = Release|Any CPU
		{35D5084D-F8CD-49F1-A3A7-FB1F4A0F538E}.FuncTests|Mixed Platforms.Build.0 = Release|Any CPU
		{35D5084D-F8CD-49F1-A3A7-FB1F4A0F538E}.FuncTests|x86.ActiveCfg = Release|Any CPU
		{35D5084D-F8CD-49F1-A3A7-FB1F4A0F538E}.Release|Any CPU.ActiveCfg = Release|Any CPU
		{35D5084D-F8CD-49F1-A3A7-FB1F4A0F538E}.Release|Any CPU.Build.0 = Release|Any CPU
		{35D5084D-F8CD-49F1-A3A7-FB1F4A0F538E}.Release|Mixed Platforms.ActiveCfg = Release|Any CPU
		{35D5084D-F8CD-49F1-A3A7-FB1F4A0F538E}.Release|Mixed Platforms.Build.0 = Release|Any CPU
		{35D5084D-F8CD-49F1-A3A7-FB1F4A0F538E}.Release|x86.ActiveCfg = Release|Any CPU
		{A554F2D6-810C-4A67-B71D-D77FCDBBCF7B}.Debug|Any CPU.ActiveCfg = Debug|Any CPU
		{A554F2D6-810C-4A67-B71D-D77FCDBBCF7B}.Debug|Any CPU.Build.0 = Debug|Any CPU
		{A554F2D6-810C-4A67-B71D-D77FCDBBCF7B}.Debug|Mixed Platforms.ActiveCfg = Debug|Any CPU
		{A554F2D6-810C-4A67-B71D-D77FCDBBCF7B}.Debug|Mixed Platforms.Build.0 = Debug|Any CPU
		{A554F2D6-810C-4A67-B71D-D77FCDBBCF7B}.Debug|x86.ActiveCfg = Debug|Any CPU
		{A554F2D6-810C-4A67-B71D-D77FCDBBCF7B}.FuncTests|Any CPU.ActiveCfg = Release|Any CPU
		{A554F2D6-810C-4A67-B71D-D77FCDBBCF7B}.FuncTests|Any CPU.Build.0 = Release|Any CPU
		{A554F2D6-810C-4A67-B71D-D77FCDBBCF7B}.FuncTests|Mixed Platforms.ActiveCfg = Release|Any CPU
		{A554F2D6-810C-4A67-B71D-D77FCDBBCF7B}.FuncTests|Mixed Platforms.Build.0 = Release|Any CPU
		{A554F2D6-810C-4A67-B71D-D77FCDBBCF7B}.FuncTests|x86.ActiveCfg = Release|Any CPU
		{A554F2D6-810C-4A67-B71D-D77FCDBBCF7B}.Release|Any CPU.ActiveCfg = Release|Any CPU
		{A554F2D6-810C-4A67-B71D-D77FCDBBCF7B}.Release|Any CPU.Build.0 = Release|Any CPU
		{A554F2D6-810C-4A67-B71D-D77FCDBBCF7B}.Release|Mixed Platforms.ActiveCfg = Release|Any CPU
		{A554F2D6-810C-4A67-B71D-D77FCDBBCF7B}.Release|Mixed Platforms.Build.0 = Release|Any CPU
		{A554F2D6-810C-4A67-B71D-D77FCDBBCF7B}.Release|x86.ActiveCfg = Release|Any CPU
	EndGlobalSection
	GlobalSection(SolutionProperties) = preSolution
		HideSolutionNode = FALSE
	EndGlobalSection
	GlobalSection(NestedProjects) = preSolution
		{96EFD415-F4FA-499D-99BD-5B28501D42E7} = {DD6DF04B-B234-4113-8DF3-855D49D10A58}
		{1EBC2D9D-B954-447E-B391-98C1E6993F66} = {DD6DF04B-B234-4113-8DF3-855D49D10A58}
		{AC8B8885-D4F1-4EC9-A428-B90B2AC088C3} = {DD6DF04B-B234-4113-8DF3-855D49D10A58}
		{35D5084D-F8CD-49F1-A3A7-FB1F4A0F538E} = {DD6DF04B-B234-4113-8DF3-855D49D10A58}
		{A20B33E6-F564-492D-B79A-13436EBAD357} = {96EFD415-F4FA-499D-99BD-5B28501D42E7}
		{C990B8D9-09D1-4662-B934-6F653083051A} = {96EFD415-F4FA-499D-99BD-5B28501D42E7}
		{FBC9EDC9-DD35-4590-8D25-E4B978F57DF1} = {96EFD415-F4FA-499D-99BD-5B28501D42E7}
		{EF010D25-B262-4051-B369-BD62F334A190} = {BE9253CB-8A9F-4718-9EC2-DCD7E578F5F1}
		{3692E1DB-2933-4F02-A5E6-BA303F1825B1} = {BE9253CB-8A9F-4718-9EC2-DCD7E578F5F1}
		{FCAFF2C5-AFF5-454A-91D1-6E2F653F1BCB} = {BE9253CB-8A9F-4718-9EC2-DCD7E578F5F1}
		{81C641A5-43FE-4870-9C50-4908CBB5775E} = {BE9253CB-8A9F-4718-9EC2-DCD7E578F5F1}
		{93BF8935-0436-4E51-AC35-0BA1D93B8133} = {BE9253CB-8A9F-4718-9EC2-DCD7E578F5F1}
		{BBFA5C9B-6C11-4B62-A9B1-E631462D333B} = {BE9253CB-8A9F-4718-9EC2-DCD7E578F5F1}
		{187F5B55-6AFD-4838-B107-F7E7AD641BBF} = {BE9253CB-8A9F-4718-9EC2-DCD7E578F5F1}
		{A56E812D-B7D4-43ED-8E66-3825E2792B26} = {19B831C5-A57D-49CC-8B6E-09FAF2A928F8}
		{6C5B576C-7C5E-4BE5-BAF3-77C755A934F2} = {19B831C5-A57D-49CC-8B6E-09FAF2A928F8}
		{E4C871A8-5EDA-4023-81F4-A53E4FCB1588} = {0D8DD14D-C95C-4342-B73D-30672F97F141}
		{5728CC5F-7FCC-4E20-9229-448B7463E70B} = {0D8DD14D-C95C-4342-B73D-30672F97F141}
		{4EB59583-F2D3-47C9-83E3-23EDDF818E94} = {5D88624A-1EB9-4A3D-AEB8-76C6FFB38C91}
		{74BC5925-B428-46AA-AC29-66855F6D1C3A} = {5D88624A-1EB9-4A3D-AEB8-76C6FFB38C91}
		{CB373D97-3125-4F2E-A9DF-D3BAB4303C25} = {5D88624A-1EB9-4A3D-AEB8-76C6FFB38C91}
		{EC3D077F-495A-4C8B-934B-518C258076F4} = {33417EC8-86DA-4356-9928-0F720A9D31F9}
		{AA284962-5657-408F-9E2B-95946ED5C677} = {33417EC8-86DA-4356-9928-0F720A9D31F9}
		{8CB83E20-A5C3-4311-9582-9A12B6D47964} = {33417EC8-86DA-4356-9928-0F720A9D31F9}
		{491D5C57-76A3-4C90-8447-81F1C12FC274} = {D8B6D21F-731B-48A9-83BC-18D62D7A0236}
		{A8BEBA8D-1C63-4FEB-B7DC-45BCCECB2BB9} = {D8B6D21F-731B-48A9-83BC-18D62D7A0236}
		{09477F1D-17C9-473D-B56A-14A46BFD1F03} = {1EBC2D9D-B954-447E-B391-98C1E6993F66}
		{A4871208-6EC1-4E2A-BAC8-40C04BD29C82} = {1EBC2D9D-B954-447E-B391-98C1E6993F66}
		{0D8DD14D-C95C-4342-B73D-30672F97F141} = {16C85CEF-7847-40C6-8E60-A9EC7DF27DFF}
		{A554F2D6-810C-4A67-B71D-D77FCDBBCF7B} = {16C85CEF-7847-40C6-8E60-A9EC7DF27DFF}
	EndGlobalSection
EndGlobal
